
Microsoft Visual Studio Solution File, Format Version 12.00
# Visual Studio Version 16
VisualStudioVersion = 16.0.29613.14
MinimumVisualStudioVersion = 10.0.40219.1
Project("{FAE04EC0-301F-11D3-BF4B-00C04F79EFBC}") = "DatingApp.API", "DatingApp.API.csproj", "{D3E94F99-F68E-49DC-BEFC-A907C8FF4360}"
EndProject
Global
	GlobalSection(SolutionConfigurationPlatforms) = preSolution
		Debug|Any CPU = Debug|Any CPU
		Release|Any CPU = Release|Any CPU
	EndGlobalSection
	GlobalSection(ProjectConfigurationPlatforms) = postSolution
		{D3E94F99-F68E-49DC-BEFC-A907C8FF4360}.Debug|Any CPU.ActiveCfg = Debug|Any CPU
		{D3E94F99-F68E-49DC-BEFC-A907C8FF4360}.Debug|Any CPU.Build.0 = Debug|Any CPU
		{D3E94F99-F68E-49DC-BEFC-A907C8FF4360}.Release|Any CPU.ActiveCfg = Release|Any CPU
		{D3E94F99-F68E-49DC-BEFC-A907C8FF4360}.Release|Any CPU.Build.0 = Release|Any CPU
	EndGlobalSection
	GlobalSection(SolutionProperties) = preSolution
		HideSolutionNode = FALSE
	EndGlobalSection
	GlobalSection(ExtensibilityGlobals) = postSolution
		SolutionGuid = {D280CA07-F40A-44C8-8983-0C99B7EC94D2}
	EndGlobalSection
EndGlobal
